// !$*UTF8*$!
{
	archiveVersion = 1;
	classes = {
	};
	objectVersion = 50;
	objects = {

/* Begin PBXBuildFile section */
		00371F7D27455EA10012FBDF /* AppDelegate.swift in Sources */ = {isa = PBXBuildFile; fileRef = 00371F7C27455EA10012FBDF /* AppDelegate.swift */; };
		00371F7F27455EA10012FBDF /* SceneDelegate.swift in Sources */ = {isa = PBXBuildFile; fileRef = 00371F7E27455EA10012FBDF /* SceneDelegate.swift */; };
		00371F8127455EA10012FBDF /* ViewController.swift in Sources */ = {isa = PBXBuildFile; fileRef = 00371F8027455EA10012FBDF /* ViewController.swift */; };
		00371F8427455EA10012FBDF /* Main.storyboard in Resources */ = {isa = PBXBuildFile; fileRef = 00371F8227455EA10012FBDF /* Main.storyboard */; };
		00371F8627455EAC0012FBDF /* Assets.xcassets in Resources */ = {isa = PBXBuildFile; fileRef = 00371F8527455EAC0012FBDF /* Assets.xcassets */; };
		00371F8927455EAC0012FBDF /* LaunchScreen.storyboard in Resources */ = {isa = PBXBuildFile; fileRef = 00371F8727455EAC0012FBDF /* LaunchScreen.storyboard */; };
		5E06D49C86CA5BC78E090DDA /* Pods_COVID19_KOR_APP.framework in Frameworks */ = {isa = PBXBuildFile; fileRef = B1E952B352B204270264CDFA /* Pods_COVID19_KOR_APP.framework */; };
/* End PBXBuildFile section */

/* Begin PBXFileReference section */
		00371F7927455EA10012FBDF /* COVID19_KOR_APP.app */ = {isa = PBXFileReference; explicitFileType = wrapper.application; includeInIndex = 0; path = COVID19_KOR_APP.app; sourceTree = BUILT_PRODUCTS_DIR; };
		00371F7C27455EA10012FBDF /* AppDelegate.swift */ = {isa = PBXFileReference; lastKnownFileType = sourcecode.swift; path = AppDelegate.swift; sourceTree = "<group>"; };
		00371F7E27455EA10012FBDF /* SceneDelegate.swift */ = {isa = PBXFileReference; lastKnownFileType = sourcecode.swift; path = SceneDelegate.swift; sourceTree = "<group>"; };
		00371F8027455EA10012FBDF /* ViewController.swift */ = {isa = PBXFileReference; lastKnownFileType = sourcecode.swift; path = ViewController.swift; sourceTree = "<group>"; };
		00371F8327455EA10012FBDF /* Base */ = {isa = PBXFileReference; lastKnownFileType = file.storyboard; name = Base; path = Base.lproj/Main.storyboard; sourceTree = "<group>"; };
		00371F8527455EAC0012FBDF /* Assets.xcassets */ = {isa = PBXFileReference; lastKnownFileType = folder.assetcatalog; path = Assets.xcassets; sourceTree = "<group>"; };
		00371F8827455EAC0012FBDF /* Base */ = {isa = PBXFileReference; lastKnownFileType = file.storyboard; name = Base; path = Base.lproj/LaunchScreen.storyboard; sourceTree = "<group>"; };
		00371F8A27455EAC0012FBDF /* Info.plist */ = {isa = PBXFileReference; lastKnownFileType = text.plist.xml; path = Info.plist; sourceTree = "<group>"; };
		2DAC28C1FAC361A6FFCE8843 /* Pods-COVID19_KOR_APP.release.xcconfig */ = {isa = PBXFileReference; includeInIndex = 1; lastKnownFileType = text.xcconfig; name = "Pods-COVID19_KOR_APP.release.xcconfig"; path = "Target Support Files/Pods-COVID19_KOR_APP/Pods-COVID19_KOR_APP.release.xcconfig"; sourceTree = "<group>"; };
		4E77FBB54747D1C808CBDB70 /* Pods-COVID19_KOR_APP.debug.xcconfig */ = {isa = PBXFileReference; includeInIndex = 1; lastKnownFileType = text.xcconfig; name = "Pods-COVID19_KOR_APP.debug.xcconfig"; path = "Target Support Files/Pods-COVID19_KOR_APP/Pods-COVID19_KOR_APP.debug.xcconfig"; sourceTree = "<group>"; };
		B1E952B352B204270264CDFA /* Pods_COVID19_KOR_APP.framework */ = {isa = PBXFileReference; explicitFileType = wrapper.framework; includeInIndex = 0; path = Pods_COVID19_KOR_APP.framework; sourceTree = BUILT_PRODUCTS_DIR; };
/* End PBXFileReference section */

/* Begin PBXFrameworksBuildPhase section */
		00371F7627455EA10012FBDF /* Frameworks */ = {
			isa = PBXFrameworksBuildPhase;
			buildActionMask = 2147483647;
			files = (
				5E06D49C86CA5BC78E090DDA /* Pods_COVID19_KOR_APP.framework in Frameworks */,
			);
			runOnlyForDeploymentPostprocessing = 0;
		};
/* End PBXFrameworksBuildPhase section */

/* Begin PBXGroup section */
		00371F7027455EA10012FBDF = {
			isa = PBXGroup;
			children = (
				00371F7B27455EA10012FBDF /* COVID19_KOR_APP */,
				00371F7A27455EA10012FBDF /* Products */,
				16628CB7BE7DE5B92ABE28D1 /* Pods */,
				9A6D7F06D2FDDF95B7EDA4C2 /* Frameworks */,
			);
			sourceTree = "<group>";
		};
		00371F7A27455EA10012FBDF /* Products */ = {
			isa = PBXGroup;
			children = (
				00371F7927455EA10012FBDF /* COVID19_KOR_APP.app */,
			);
			name = Products;
			sourceTree = "<group>";
		};
		00371F7B27455EA10012FBDF /* COVID19_KOR_APP */ = {
			isa = PBXGroup;
			children = (
				00371F7C27455EA10012FBDF /* AppDelegate.swift */,
				00371F7E27455EA10012FBDF /* SceneDelegate.swift */,
				00371F8027455EA10012FBDF /* ViewController.swift */,
				00371F8227455EA10012FBDF /* Main.storyboard */,
				00371F8527455EAC0012FBDF /* Assets.xcassets */,
				00371F8727455EAC0012FBDF /* LaunchScreen.storyboard */,
				00371F8A27455EAC0012FBDF /* Info.plist */,
			);
			path = COVID19_KOR_APP;
			sourceTree = "<group>";
		};
		16628CB7BE7DE5B92ABE28D1 /* Pods */ = {
			isa = PBXGroup;
			children = (
				4E77FBB54747D1C808CBDB70 /* Pods-COVID19_KOR_APP.debug.xcconfig */,
				2DAC28C1FAC361A6FFCE8843 /* Pods-COVID19_KOR_APP.release.xcconfig */,
			);
			name = Pods;
			path = Pods;
			sourceTree = "<group>";
		};
		9A6D7F06D2FDDF95B7EDA4C2 /* Frameworks */ = {
			isa = PBXGroup;
			children = (
				B1E952B352B204270264CDFA /* Pods_COVID19_KOR_APP.framework */,
			);
			name = Frameworks;
			sourceTree = "<group>";
		};
/* End PBXGroup section */

/* Begin PBXNativeTarget section */
		00371F7827455EA10012FBDF /* COVID19_KOR_APP */ = {
			isa = PBXNativeTarget;
			buildConfigurationList = 00371F8D27455EAC0012FBDF /* Build configuration list for PBXNativeTarget "COVID19_KOR_APP" */;
			buildPhases = (
				A220129625F4704D6DB161F5 /* [CP] Check Pods Manifest.lock */,
				00371F7527455EA10012FBDF /* Sources */,
				00371F7627455EA10012FBDF /* Frameworks */,
				00371F7727455EA10012FBDF /* Resources */,
				3BB3178AC086AC28AD3F89F7 /* [CP] Embed Pods Frameworks */,
			);
			buildRules = (
			);
			dependencies = (
			);
			name = COVID19_KOR_APP;
			productName = COVID19_KOR_APP;
			productReference = 00371F7927455EA10012FBDF /* COVID19_KOR_APP.app */;
			productType = "com.apple.product-type.application";
		};
/* End PBXNativeTarget section */

/* Begin PBXProject section */
		00371F7127455EA10012FBDF /* Project object */ = {
			isa = PBXProject;
			attributes = {
				LastSwiftUpdateCheck = 1240;
				LastUpgradeCheck = 1240;
				TargetAttributes = {
					00371F7827455EA10012FBDF = {
						CreatedOnToolsVersion = 12.4;
					};
				};
			};
			buildConfigurationList = 00371F7427455EA10012FBDF /* Build configuration list for PBXProject "COVID19_KOR_APP" */;
			compatibilityVersion = "Xcode 9.3";
			developmentRegion = en;
			hasScannedForEncodings = 0;
			knownRegions = (
				en,
				Base,
			);
			mainGroup = 00371F7027455EA10012FBDF;
			productRefGroup = 00371F7A27455EA10012FBDF /* Products */;
			projectDirPath = "";
			projectRoot = "";
			targets = (
				00371F7827455EA10012FBDF /* COVID19_KOR_APP */,
			);
		};
/* End PBXProject section */

/* Begin PBXResourcesBuildPhase section */
		00371F7727455EA10012FBDF /* Resources */ = {
			isa = PBXResourcesBuildPhase;
			buildActionMask = 2147483647;
			files = (
				00371F8927455EAC0012FBDF /* LaunchScreen.storyboard in Resources */,
				00371F8627455EAC0012FBDF /* Assets.xcassets in Resources */,
				00371F8427455EA10012FBDF /* Main.storyboard in Resources */,
			);
			runOnlyForDeploymentPostprocessing = 0;
		};
/* End PBXResourcesBuildPhase section */

/* Begin PBXShellScriptBuildPhase section */
		3BB3178AC086AC28AD3F89F7 /* [CP] Embed Pods Frameworks */ = {
			isa = PBXShellScriptBuildPhase;
			buildActionMask = 2147483647;
			files = (
			);
			inputFileListPaths = (
				"${PODS_ROOT}/Target Support Files/Pods-COVID19_KOR_APP/Pods-COVID19_KOR_APP-frameworks-${CONFIGURATION}-input-files.xcfilelist",
			);
			name = "[CP] Embed Pods Frameworks";
			outputFileListPaths = (
				"${PODS_ROOT}/Target Support Files/Pods-COVID19_KOR_APP/Pods-COVID19_KOR_APP-frameworks-${CONFIGURATION}-output-files.xcfilelist",
			);
			runOnlyForDeploymentPostprocessing = 0;
			shellPath = /bin/sh;
			shellScript = "\"${PODS_ROOT}/Target Support Files/Pods-COVID19_KOR_APP/Pods-COVID19_KOR_APP-frameworks.sh\"\n";
			showEnvVarsInLog = 0;
		};
		A220129625F4704D6DB161F5 /* [CP] Check Pods Manifest.lock */ = {
			isa = PBXShellScriptBuildPhase;
			buildActionMask = 2147483647;
			files = (
			);
			inputFileListPaths = (
			);
			inputPaths = (
				"${PODS_PODFILE_DIR_PATH}/Podfile.lock",
				"${PODS_ROOT}/Manifest.lock",
			);
			name = "[CP] Check Pods Manifest.lock";
			outputFileListPaths = (
			);
			outputPaths = (
				"$(DERIVED_FILE_DIR)/Pods-COVID19_KOR_APP-checkManifestLockResult.txt",
			);
			runOnlyForDeploymentPostprocessing = 0;
			shellPath = /bin/sh;
			shellScript = "diff \"${PODS_PODFILE_DIR_PATH}/Podfile.lock\" \"${PODS_ROOT}/Manifest.lock\" > /dev/null\nif [ $? != 0 ] ; then\n    # print error to STDERR\n    echo \"error: The sandbox is not in sync with the Podfile.lock. Run 'pod install' or update your CocoaPods installation.\" >&2\n    exit 1\nfi\n# This output is used by Xcode 'outputs' to avoid re-running this script phase.\necho \"SUCCESS\" > \"${SCRIPT_OUTPUT_FILE_0}\"\n";
			showEnvVarsInLog = 0;
		};
/* End PBXShellScriptBuildPhase section */

/* Begin PBXSourcesBuildPhase section */
		00371F7527455EA10012FBDF /* Sources */ = {
			isa = PBXSourcesBuildPhase;
			buildActionMask = 2147483647;
			files = (
				00371F8127455EA10012FBDF /* ViewController.swift in Sources */,
				00371F7D27455EA10012FBDF /* AppDelegate.swift in Sources */,
				00371F7F27455EA10012FBDF /* SceneDelegate.swift in Sources */,
			);
			runOnlyForDeploymentPostprocessing = 0;
		};
/* End PBXSourcesBuildPhase section */

/* Begin PBXVariantGroup section */
		00371F8227455EA10012FBDF /* Main.storyboard */ = {
			isa = PBXVariantGroup;
			children = (
				00371F8327455EA10012FBDF /* Base */,
			);
			name = Main.storyboard;
			sourceTree = "<group>";
		};
		00371F8727455EAC0012FBDF /* LaunchScreen.storyboard */ = {
			isa = PBXVariantGroup;
			children = (
				00371F8827455EAC0012FBDF /* Base */,
			);
			name = LaunchScreen.storyboard;
			sourceTree = "<group>";
		};
/* End PBXVariantGroup section */

/* Begin XCBuildConfiguration section */
		00371F8B27455EAC0012FBDF /* Debug */ = {
			isa = XCBuildConfiguration;
			buildSettings = {
				ALWAYS_SEARCH_USER_PATHS = NO;
				CLANG_ANALYZER_NONNULL = YES;
				CLANG_ANALYZER_NUMBER_OBJECT_CONVERSION = YES_AGGRESSIVE;
				CLANG_CXX_LANGUAGE_STANDARD = "gnu++14";
				CLANG_CXX_LIBRARY = "libc++";
				CLANG_ENABLE_MODULES = YES;
				CLANG_ENABLE_OBJC_ARC = YES;
				CLANG_ENABLE_OBJC_WEAK = YES;
				CLANG_WARN_BLOCK_CAPTURE_AUTORELEASING = YES;
				CLANG_WARN_BOOL_CONVERSION = YES;
				CLANG_WARN_COMMA = YES;
				CLANG_WARN_CONSTANT_CONVERSION = YES;
				CLANG_WARN_DEPRECATED_OBJC_IMPLEMENTATIONS = YES;
				CLANG_WARN_DIRECT_OBJC_ISA_USAGE = YES_ERROR;
				CLANG_WARN_DOCUMENTATION_COMMENTS = YES;
				CLANG_WARN_EMPTY_BODY = YES;
				CLANG_WARN_ENUM_CONVERSION = YES;
				CLANG_WARN_INFINITE_RECURSION = YES;
				CLANG_WARN_INT_CONVERSION = YES;
				CLANG_WARN_NON_LITERAL_NULL_CONVERSION = YES;
				CLANG_WARN_OBJC_IMPLICIT_RETAIN_SELF = YES;
				CLANG_WARN_OBJC_LITERAL_CONVERSION = YES;
				CLANG_WARN_OBJC_ROOT_CLASS = YES_ERROR;
				CLANG_WARN_QUOTED_INCLUDE_IN_FRAMEWORK_HEADER = YES;
				CLANG_WARN_RANGE_LOOP_ANALYSIS = YES;
				CLANG_WARN_STRICT_PROTOTYPES = YES;
				CLANG_WARN_SUSPICIOUS_MOVE = YES;
				CLANG_WARN_UNGUARDED_AVAILABILITY = YES_AGGRESSIVE;
				CLANG_WARN_UNREACHABLE_CODE = YES;
				CLANG_WARN__DUPLICATE_METHOD_MATCH = YES;
				COPY_PHASE_STRIP = NO;
				DEBUG_INFORMATION_FORMAT = dwarf;
				ENABLE_STRICT_OBJC_MSGSEND = YES;
				ENABLE_TESTABILITY = YES;
				GCC_C_LANGUAGE_STANDARD = gnu11;
				GCC_DYNAMIC_NO_PIC = NO;
				GCC_NO_COMMON_BLOCKS = YES;
				GCC_OPTIMIZATION_LEVEL = 0;
				GCC_PREPROCESSOR_DEFINITIONS = (
					"DEBUG=1",
					"$(inherited)",
				);
				GCC_WARN_64_TO_32_BIT_CONVERSION = YES;
				GCC_WARN_ABOUT_RETURN_TYPE = YES_ERROR;
				GCC_WARN_UNDECLARED_SELECTOR = YES;
				GCC_WARN_UNINITIALIZED_AUTOS = YES_AGGRESSIVE;
				GCC_WARN_UNUSED_FUNCTION = YES;
				GCC_WARN_UNUSED_VARIABLE = YES;
				IPHONEOS_DEPLOYMENT_TARGET = 14.4;
				MTL_ENABLE_DEBUG_INFO = INCLUDE_SOURCE;
				MTL_FAST_MATH = YES;
				ONLY_ACTIVE_ARCH = YES;
				SDKROOT = iphoneos;
				SWIFT_ACTIVE_COMPILATION_CONDITIONS = DEBUG;
				SWIFT_OPTIMIZATION_LEVEL = "-Onone";
			};
			name = Debug;
		};
		00371F8C27455EAC0012FBDF /* Release */ = {
			isa = XCBuildConfiguration;
			buildSettings = {
				ALWAYS_SEARCH_USER_PATHS = NO;
				CLANG_ANALYZER_NONNULL = YES;
				CLANG_ANALYZER_NUMBER_OBJECT_CONVERSION = YES_AGGRESSIVE;
				CLANG_CXX_LANGUAGE_STANDARD = "gnu++14";
				CLANG_CXX_LIBRARY = "libc++";
				CLANG_ENABLE_MODULES = YES;
				CLANG_ENABLE_OBJC_ARC = YES;
				CLANG_ENABLE_OBJC_WEAK = YES;
				CLANG_WARN_BLOCK_CAPTURE_AUTORELEASING = YES;
				CLANG_WARN_BOOL_CONVERSION = YES;
				CLANG_WARN_COMMA = YES;
				CLANG_WARN_CONSTANT_CONVERSION = YES;
				CLANG_WARN_DEPRECATED_OBJC_IMPLEMENTATIONS = YES;
				CLANG_WARN_DIRECT_OBJC_ISA_USAGE = YES_ERROR;
				CLANG_WARN_DOCUMENTATION_COMMENTS = YES;
				CLANG_WARN_EMPTY_BODY = YES;
				CLANG_WARN_ENUM_CONVERSION = YES;
				CLANG_WARN_INFINITE_RECURSION = YES;
				CLANG_WARN_INT_CONVERSION = YES;
				CLANG_WARN_NON_LITERAL_NULL_CONVERSION = YES;
				CLANG_WARN_OBJC_IMPLICIT_RETAIN_SELF = YES;
				CLANG_WARN_OBJC_LITERAL_CONVERSION = YES;
				CLANG_WARN_OBJC_ROOT_CLASS = YES_ERROR;
				CLANG_WARN_QUOTED_INCLUDE_IN_FRAMEWORK_HEADER = YES;
				CLANG_WARN_RANGE_LOOP_ANALYSIS = YES;
				CLANG_WARN_STRICT_PROTOTYPES = YES;
				CLANG_WARN_SUSPICIOUS_MOVE = YES;
				CLANG_WARN_UNGUARDED_AVAILABILITY = YES_AGGRESSIVE;
				CLANG_WARN_UNREACHABLE_CODE = YES;
				CLANG_WARN__DUPLICATE_METHOD_MATCH = YES;
				COPY_PHASE_STRIP = NO;
				DEBUG_INFORMATION_FORMAT = "dwarf-with-dsym";
				ENABLE_NS_ASSERTIONS = NO;
				ENABLE_STRICT_OBJC_MSGSEND = YES;
				GCC_C_LANGUAGE_STANDARD = gnu11;
				GCC_NO_COMMON_BLOCKS = YES;
				GCC_WARN_64_TO_32_BIT_CONVERSION = YES;
				GCC_WARN_ABOUT_RETURN_TYPE = YES_ERROR;
				GCC_WARN_UNDECLARED_SELECTOR = YES;
				GCC_WARN_UNINITIALIZED_AUTOS = YES_AGGRESSIVE;
				GCC_WARN_UNUSED_FUNCTION = YES;
				GCC_WARN_UNUSED_VARIABLE = YES;
				IPHONEOS_DEPLOYMENT_TARGET = 14.4;
				MTL_ENABLE_DEBUG_INFO = NO;
				MTL_FAST_MATH = YES;
				SDKROOT = iphoneos;
				SWIFT_COMPILATION_MODE = wholemodule;
				SWIFT_OPTIMIZATION_LEVEL = "-O";
				VALIDATE_PRODUCT = YES;
			};
			name = Release;
		};
		00371F8E27455EAC0012FBDF /* Debug */ = {
			isa = XCBuildConfiguration;
			baseConfigurationReference = 4E77FBB54747D1C808CBDB70 /* Pods-COVID19_KOR_APP.debug.xcconfig */;
			buildSettings = {
				ASSETCATALOG_COMPILER_APPICON_NAME = AppIcon;
				ASSETCATALOG_COMPILER_GLOBAL_ACCENT_COLOR_NAME = AccentColor;
				CODE_SIGN_STYLE = Automatic;
				DEVELOPMENT_TEAM = R28389PX5K;
				INFOPLIST_FILE = COVID19_KOR_APP/Info.plist;
				LD_RUNPATH_SEARCH_PATHS = (
					"$(inherited)",
					"@executable_path/Frameworks",
				);
				PRODUCT_BUNDLE_IDENTIFIER = "com.COVID19-KOR-APP";
				PRODUCT_NAME = "$(TARGET_NAME)";
				SWIFT_VERSION = 5.0;
				TARGETED_DEVICE_FAMILY = "1,2";
			};
			name = Debug;
		};
		00371F8F27455EAC0012FBDF /* Release */ = {
			isa = XCBuildConfiguration;
			baseConfigurationReference = 2DAC28C1FAC361A6FFCE8843 /* Pods-COVID19_KOR_APP.release.xcconfig */;
			buildSettings = {
				ASSETCATALOG_COMPILER_APPICON_NAME = AppIcon;
				ASSETCATALOG_COMPILER_GLOBAL_ACCENT_COLOR_NAME = AccentColor;
				CODE_SIGN_STYLE = Automatic;
				DEVELOPMENT_TEAM = R28389PX5K;
				INFOPLIST_FILE = COVID19_KOR_APP/Info.plist;
				LD_RUNPATH_SEARCH_PATHS = (
					"$(inherited)",
					"@executable_path/Frameworks",
				);
				PRODUCT_BUNDLE_IDENTIFIER = "com.COVID19-KOR-APP";
				PRODUCT_NAME = "$(TARGET_NAME)";
				SWIFT_VERSION = 5.0;
				TARGETED_DEVICE_FAMILY = "1,2";
			};
			name = Release;
		};
/* End XCBuildConfiguration section */

/* Begin XCConfigurationList section */
		00371F7427455EA10012FBDF /* Build configuration list for PBXProject "COVID19_KOR_APP" */ = {
			isa = XCConfigurationList;
			buildConfigurations = (
				00371F8B27455EAC0012FBDF /* Debug */,
				00371F8C27455EAC0012FBDF /* Release */,
			);
			defaultConfigurationIsVisible = 0;
			defaultConfigurationName = Release;
		};
		00371F8D27455EAC0012FBDF /* Build configuration list for PBXNativeTarget "COVID19_KOR_APP" */ = {
			isa = XCConfigurationList;
			buildConfigurations = (
				00371F8E27455EAC0012FBDF /* Debug */,
				00371F8F27455EAC0012FBDF /* Release */,
			);
			defaultConfigurationIsVisible = 0;
			defaultConfigurationName = Release;
		};
/* End XCConfigurationList section */
	};
	rootObject = 00371F7127455EA10012FBDF /* Project object */;
}
